
Microsoft Visual Studio Solution File, Format Version 12.00
# Visual Studio Version 17
VisualStudioVersion = 17.6.33815.320
MinimumVisualStudioVersion = 10.0.40219.1
Project("{8BC9CEB8-8B4A-11D0-8D11-00A0C91BC942}") = "prog8", "prog8\prog8.vcxproj", "{F368C424-AE58-473A-A460-4CDCC91AEF64}"
EndProject
Global
	GlobalSection(SolutionConfigurationPlatforms) = preSolution
		Debug|x64 = Debug|x64
		Debug|x86 = Debug|x86
		Release|x64 = Release|x64
		Release|x86 = Release|x86
	EndGlobalSection
	GlobalSection(ProjectConfigurationPlatforms) = postSolution
		{F368C424-AE58-473A-A460-4CDCC91AEF64}.Debug|x64.ActiveCfg = Debug|x64
		{F368C424-AE58-473A-A460-4CDCC91AEF64}.Debug|x64.Build.0 = Debug|x64
		{F368C424-AE58-473A-A460-4CDCC91AEF64}.Debug|x86.ActiveCfg = Debug|Win32
		{F368C424-AE58-473A-A460-4CDCC91AEF64}.Debug|x86.Build.0 = Debug|Win32
		{F368C424-AE58-473A-A460-4CDCC91AEF64}.Release|x64.ActiveCfg = Release|x64
		{F368C424-AE58-473A-A460-4CDCC91AEF64}.Release|x64.Build.0 = Release|x64
		{F368C424-AE58-473A-A460-4CDCC91AEF64}.Release|x86.ActiveCfg = Release|Win32
		{F368C424-AE58-473A-A460-4CDCC91AEF64}.Release|x86.Build.0 = Release|Win32
	EndGlobalSection
	GlobalSection(SolutionProperties) = preSolution
		HideSolutionNode = FALSE
	EndGlobalSection
	GlobalSection(ExtensibilityGlobals) = postSolution
		SolutionGuid = {EF088B77-089B-4055-86E8-F5F3BDB4A2BD}
	EndGlobalSection
EndGlobal
