
Microsoft Visual Studio Solution File, Format Version 12.00
# Visual Studio Version 17
VisualStudioVersion = 17.6.33815.320
MinimumVisualStudioVersion = 10.0.40219.1
Project("{8BC9CEB8-8B4A-11D0-8D11-00A0C91BC942}") = "prog5", "prog5\prog5.vcxproj", "{00C1F7E4-6CEE-4215-83B9-53B249891937}"
EndProject
Global
	GlobalSection(SolutionConfigurationPlatforms) = preSolution
		Debug|x64 = Debug|x64
		Debug|x86 = Debug|x86
		Release|x64 = Release|x64
		Release|x86 = Release|x86
	EndGlobalSection
	GlobalSection(ProjectConfigurationPlatforms) = postSolution
		{00C1F7E4-6CEE-4215-83B9-53B249891937}.Debug|x64.ActiveCfg = Debug|x64
		{00C1F7E4-6CEE-4215-83B9-53B249891937}.Debug|x64.Build.0 = Debug|x64
		{00C1F7E4-6CEE-4215-83B9-53B249891937}.Debug|x86.ActiveCfg = Debug|Win32
		{00C1F7E4-6CEE-4215-83B9-53B249891937}.Debug|x86.Build.0 = Debug|Win32
		{00C1F7E4-6CEE-4215-83B9-53B249891937}.Release|x64.ActiveCfg = Release|x64
		{00C1F7E4-6CEE-4215-83B9-53B249891937}.Release|x64.Build.0 = Release|x64
		{00C1F7E4-6CEE-4215-83B9-53B249891937}.Release|x86.ActiveCfg = Release|Win32
		{00C1F7E4-6CEE-4215-83B9-53B249891937}.Release|x86.Build.0 = Release|Win32
	EndGlobalSection
	GlobalSection(SolutionProperties) = preSolution
		HideSolutionNode = FALSE
	EndGlobalSection
	GlobalSection(ExtensibilityGlobals) = postSolution
		SolutionGuid = {E56AA1D7-6C66-4E35-9789-1CE35F52C55B}
	EndGlobalSection
EndGlobal
